
Microsoft Visual Studio Solution File, Format Version 12.00
# Visual Studio Version 17
VisualStudioVersion = 17.1.32421.90
MinimumVisualStudioVersion = 10.0.40219.1
Project("{8BC9CEB8-8B4A-11D0-8D11-00A0C91BC942}") = "Volume_Manager", "Volume_Manager.vcxproj", "{396ECFAD-584D-4BE3-BA4B-FCECA44A7A02}"
EndProject
Project("{9A19103F-16F7-4668-BE54-9A1E7A4F7556}") = "VolumeManager", "..\VolumeManager\VolumeManager.csproj", "{581D162C-726E-410E-A316-D530A52620F9}"
EndProject
Project("{54435603-DBB4-11D2-8724-00A0C9A8B90C}") = "VolumeManager02", "..\VolumeManager02\VolumeManager02.vdproj", "{D1F8ECDC-4C37-4532-9FFD-DB6E625DE06C}"
EndProject
Project("{8BC9CEB8-8B4A-11D0-8D11-00A0C91BC942}") = "test blank name", "..\test blank name\test blank name.vcxproj", "{B250FEC1-C866-42BA-85EB-4BF8C9049216}"
EndProject
Global
	GlobalSection(SolutionConfigurationPlatforms) = preSolution
		Debug|Any CPU = Debug|Any CPU
		Debug|x64 = Debug|x64
		Debug|x86 = Debug|x86
		Release|Any CPU = Release|Any CPU
		Release|x64 = Release|x64
		Release|x86 = Release|x86
	EndGlobalSection
	GlobalSection(ProjectConfigurationPlatforms) = postSolution
		{396ECFAD-584D-4BE3-BA4B-FCECA44A7A02}.Debug|Any CPU.ActiveCfg = Debug|x64
		{396ECFAD-584D-4BE3-BA4B-FCECA44A7A02}.Debug|Any CPU.Build.0 = Debug|x64
		{396ECFAD-584D-4BE3-BA4B-FCECA44A7A02}.Debug|x64.ActiveCfg = Debug|x64
		{396ECFAD-584D-4BE3-BA4B-FCECA44A7A02}.Debug|x64.Build.0 = Debug|x64
		{396ECFAD-584D-4BE3-BA4B-FCECA44A7A02}.Debug|x86.ActiveCfg = Debug|Win32
		{396ECFAD-584D-4BE3-BA4B-FCECA44A7A02}.Debug|x86.Build.0 = Debug|Win32
		{396ECFAD-584D-4BE3-BA4B-FCECA44A7A02}.Release|Any CPU.ActiveCfg = Release|x64
		{396ECFAD-584D-4BE3-BA4B-FCECA44A7A02}.Release|Any CPU.Build.0 = Release|x64
		{396ECFAD-584D-4BE3-BA4B-FCECA44A7A02}.Release|x64.ActiveCfg = Release|x64
		{396ECFAD-584D-4BE3-BA4B-FCECA44A7A02}.Release|x64.Build.0 = Release|x64
		{396ECFAD-584D-4BE3-BA4B-FCECA44A7A02}.Release|x86.ActiveCfg = Release|Win32
		{396ECFAD-584D-4BE3-BA4B-FCECA44A7A02}.Release|x86.Build.0 = Release|Win32
		{581D162C-726E-410E-A316-D530A52620F9}.Debug|Any CPU.ActiveCfg = Debug|Any CPU
		{581D162C-726E-410E-A316-D530A52620F9}.Debug|Any CPU.Build.0 = Debug|Any CPU
		{581D162C-726E-410E-A316-D530A52620F9}.Debug|x64.ActiveCfg = Debug|Any CPU
		{581D162C-726E-410E-A316-D530A52620F9}.Debug|x64.Build.0 = Debug|Any CPU
		{581D162C-726E-410E-A316-D530A52620F9}.Debug|x86.ActiveCfg = Debug|Any CPU
		{581D162C-726E-410E-A316-D530A52620F9}.Debug|x86.Build.0 = Debug|Any CPU
		{581D162C-726E-410E-A316-D530A52620F9}.Release|Any CPU.ActiveCfg = Release|Any CPU
		{581D162C-726E-410E-A316-D530A52620F9}.Release|Any CPU.Build.0 = Release|Any CPU
		{581D162C-726E-410E-A316-D530A52620F9}.Release|x64.ActiveCfg = Release|Any CPU
		{581D162C-726E-410E-A316-D530A52620F9}.Release|x64.Build.0 = Release|Any CPU
		{581D162C-726E-410E-A316-D530A52620F9}.Release|x86.ActiveCfg = Release|Any CPU
		{581D162C-726E-410E-A316-D530A52620F9}.Release|x86.Build.0 = Release|Any CPU
		{D1F8ECDC-4C37-4532-9FFD-DB6E625DE06C}.Debug|Any CPU.ActiveCfg = Debug
		{D1F8ECDC-4C37-4532-9FFD-DB6E625DE06C}.Debug|x64.ActiveCfg = Debug
		{D1F8ECDC-4C37-4532-9FFD-DB6E625DE06C}.Debug|x86.ActiveCfg = Debug
		{D1F8ECDC-4C37-4532-9FFD-DB6E625DE06C}.Release|Any CPU.ActiveCfg = Release
		{D1F8ECDC-4C37-4532-9FFD-DB6E625DE06C}.Release|x64.ActiveCfg = Release
		{D1F8ECDC-4C37-4532-9FFD-DB6E625DE06C}.Release|x86.ActiveCfg = Release
		{B250FEC1-C866-42BA-85EB-4BF8C9049216}.Debug|Any CPU.ActiveCfg = Debug|x64
		{B250FEC1-C866-42BA-85EB-4BF8C9049216}.Debug|Any CPU.Build.0 = Debug|x64
		{B250FEC1-C866-42BA-85EB-4BF8C9049216}.Debug|x64.ActiveCfg = Debug|x64
		{B250FEC1-C866-42BA-85EB-4BF8C9049216}.Debug|x64.Build.0 = Debug|x64
		{B250FEC1-C866-42BA-85EB-4BF8C9049216}.Debug|x86.ActiveCfg = Debug|Win32
		{B250FEC1-C866-42BA-85EB-4BF8C9049216}.Debug|x86.Build.0 = Debug|Win32
		{B250FEC1-C866-42BA-85EB-4BF8C9049216}.Release|Any CPU.ActiveCfg = Release|x64
		{B250FEC1-C866-42BA-85EB-4BF8C9049216}.Release|Any CPU.Build.0 = Release|x64
		{B250FEC1-C866-42BA-85EB-4BF8C9049216}.Release|x64.ActiveCfg = Release|x64
		{B250FEC1-C866-42BA-85EB-4BF8C9049216}.Release|x64.Build.0 = Release|x64
		{B250FEC1-C866-42BA-85EB-4BF8C9049216}.Release|x86.ActiveCfg = Release|Win32
		{B250FEC1-C866-42BA-85EB-4BF8C9049216}.Release|x86.Build.0 = Release|Win32
	EndGlobalSection
	GlobalSection(SolutionProperties) = preSolution
		HideSolutionNode = FALSE
	EndGlobalSection
	GlobalSection(ExtensibilityGlobals) = postSolution
		SolutionGuid = {2727FB4F-1FE9-41C4-A815-6BF038D8BFD3}
	EndGlobalSection
EndGlobal
